
Microsoft Visual Studio Solution File, Format Version 12.00
# Visual Studio Version 17
VisualStudioVersion = 17.8.34330.188
MinimumVisualStudioVersion = 10.0.40219.1
Project("{2150E333-8FDC-42A3-9474-1A3956D46DE8}") = "src", "src", "{E453909A-4066-464E-BEFE-A8ABA96BBADF}"
EndProject
Project("{2150E333-8FDC-42A3-9474-1A3956D46DE8}") = "test", "test", "{A373E290-3F0B-44E2-A138-46CB7A7C6695}"
EndProject
Project("{2150E333-8FDC-42A3-9474-1A3956D46DE8}") = "docs", "docs", "{8EEB182D-EE79-4120-9451-418D73F6C91C}"
	ProjectSection(SolutionItems) = preProject
		LogicUserRole.md = LogicUserRole.md
		README.md = README.md
	EndProjectSection
EndProject
Project("{9A19103F-16F7-4668-BE54-9A1E7A4F7556}") = "TAT.StoreLocator.Infrastructure", "TAT.StoreLocator.Infrastructure\TAT.StoreLocator.Infrastructure.csproj", "{D83F6A9A-A7AF-451B-B053-192793CC1B1F}"
EndProject
Project("{9A19103F-16F7-4668-BE54-9A1E7A4F7556}") = "TAT.StoreLocator.API", "TAT.StoreLocator.API\TAT.StoreLocator.API.csproj", "{5EF81E1A-5E32-4129-A3E5-B19A092FACDC}"
EndProject
Project("{9A19103F-16F7-4668-BE54-9A1E7A4F7556}") = "TAT.StoreLocator.Test", "TAT.StoreLocator.Test\TAT.StoreLocator.Test.csproj", "{AF14BD22-DAB6-4305-A295-34DBA2D79FE9}"
EndProject
Project("{9A19103F-16F7-4668-BE54-9A1E7A4F7556}") = "TAT.StoreLocator.Core", "TAT.StoreLocator.Core\TAT.StoreLocator.Core.csproj", "{D51B8AFB-CB4F-472C-AFE9-E3B4909A4DAD}"
EndProject
Project("{FAE04EC0-301F-11D3-BF4B-00C04F79EFBC}") = "TAT.StoreLocator.AdminApp", "TAT.StoreLocator.AdminApp\TAT.StoreLocator.AdminApp.csproj", "{33222AD8-B14A-4A63-AD5F-A357B382F632}"
EndProject
Global
	GlobalSection(SolutionConfigurationPlatforms) = preSolution
		Debug|Any CPU = Debug|Any CPU
		Release|Any CPU = Release|Any CPU
	EndGlobalSection
	GlobalSection(ProjectConfigurationPlatforms) = postSolution
		{D83F6A9A-A7AF-451B-B053-192793CC1B1F}.Debug|Any CPU.ActiveCfg = Debug|Any CPU
		{D83F6A9A-A7AF-451B-B053-192793CC1B1F}.Debug|Any CPU.Build.0 = Debug|Any CPU
		{D83F6A9A-A7AF-451B-B053-192793CC1B1F}.Release|Any CPU.ActiveCfg = Release|Any CPU
		{D83F6A9A-A7AF-451B-B053-192793CC1B1F}.Release|Any CPU.Build.0 = Release|Any CPU
		{5EF81E1A-5E32-4129-A3E5-B19A092FACDC}.Debug|Any CPU.ActiveCfg = Debug|Any CPU
		{5EF81E1A-5E32-4129-A3E5-B19A092FACDC}.Debug|Any CPU.Build.0 = Debug|Any CPU
		{5EF81E1A-5E32-4129-A3E5-B19A092FACDC}.Release|Any CPU.ActiveCfg = Release|Any CPU
		{5EF81E1A-5E32-4129-A3E5-B19A092FACDC}.Release|Any CPU.Build.0 = Release|Any CPU
		{AF14BD22-DAB6-4305-A295-34DBA2D79FE9}.Debug|Any CPU.ActiveCfg = Debug|Any CPU
		{AF14BD22-DAB6-4305-A295-34DBA2D79FE9}.Debug|Any CPU.Build.0 = Debug|Any CPU
		{AF14BD22-DAB6-4305-A295-34DBA2D79FE9}.Release|Any CPU.ActiveCfg = Release|Any CPU
		{AF14BD22-DAB6-4305-A295-34DBA2D79FE9}.Release|Any CPU.Build.0 = Release|Any CPU
		{D51B8AFB-CB4F-472C-AFE9-E3B4909A4DAD}.Debug|Any CPU.ActiveCfg = Debug|Any CPU
		{D51B8AFB-CB4F-472C-AFE9-E3B4909A4DAD}.Debug|Any CPU.Build.0 = Debug|Any CPU
		{D51B8AFB-CB4F-472C-AFE9-E3B4909A4DAD}.Release|Any CPU.ActiveCfg = Release|Any CPU
		{D51B8AFB-CB4F-472C-AFE9-E3B4909A4DAD}.Release|Any CPU.Build.0 = Release|Any CPU
		{33222AD8-B14A-4A63-AD5F-A357B382F632}.Debug|Any CPU.ActiveCfg = Debug|Any CPU
		{33222AD8-B14A-4A63-AD5F-A357B382F632}.Debug|Any CPU.Build.0 = Debug|Any CPU
		{33222AD8-B14A-4A63-AD5F-A357B382F632}.Release|Any CPU.ActiveCfg = Release|Any CPU
		{33222AD8-B14A-4A63-AD5F-A357B382F632}.Release|Any CPU.Build.0 = Release|Any CPU
	EndGlobalSection
	GlobalSection(SolutionProperties) = preSolution
		HideSolutionNode = FALSE
	EndGlobalSection
	GlobalSection(NestedProjects) = preSolution
		{D83F6A9A-A7AF-451B-B053-192793CC1B1F} = {E453909A-4066-464E-BEFE-A8ABA96BBADF}
		{5EF81E1A-5E32-4129-A3E5-B19A092FACDC} = {E453909A-4066-464E-BEFE-A8ABA96BBADF}
		{AF14BD22-DAB6-4305-A295-34DBA2D79FE9} = {A373E290-3F0B-44E2-A138-46CB7A7C6695}
		{D51B8AFB-CB4F-472C-AFE9-E3B4909A4DAD} = {E453909A-4066-464E-BEFE-A8ABA96BBADF}
		{33222AD8-B14A-4A63-AD5F-A357B382F632} = {E453909A-4066-464E-BEFE-A8ABA96BBADF}
	EndGlobalSection
	GlobalSection(ExtensibilityGlobals) = postSolution
		SolutionGuid = {2E939948-ACAA-42D4-B1B3-7C7F3C6BED13}
	EndGlobalSection
EndGlobal
